
Microsoft Visual Studio Solution File, Format Version 12.00
# Visual Studio Version 17
VisualStudioVersion = 17.4.33205.214
MinimumVisualStudioVersion = 10.0.40219.1
Project("{FAE04EC0-301F-11D3-BF4B-00C04F79EFBC}") = "BITCollege_YSC", "BITCollege_YSC\BITCollege_YSC.csproj", "{79D9B24C-991A-4C13-8375-4BAB7F95E349}"
EndProject
Project("{FAE04EC0-301F-11D3-BF4B-00C04F79EFBC}") = "Utility", "..\Assignment 01 Files\Utility\Utility.csproj", "{39EE02E5-5786-4C05-BE13-A9CCA941F3A8}"
EndProject
Global
	GlobalSection(SolutionConfigurationPlatforms) = preSolution
		Debug|Any CPU = Debug|Any CPU
		Release|Any CPU = Release|Any CPU
	EndGlobalSection
	GlobalSection(ProjectConfigurationPlatforms) = postSolution
		{79D9B24C-991A-4C13-8375-4BAB7F95E349}.Debug|Any CPU.ActiveCfg = Debug|Any CPU
		{79D9B24C-991A-4C13-8375-4BAB7F95E349}.Debug|Any CPU.Build.0 = Debug|Any CPU
		{79D9B24C-991A-4C13-8375-4BAB7F95E349}.Release|Any CPU.ActiveCfg = Release|Any CPU
		{79D9B24C-991A-4C13-8375-4BAB7F95E349}.Release|Any CPU.Build.0 = Release|Any CPU
		{39EE02E5-5786-4C05-BE13-A9CCA941F3A8}.Debug|Any CPU.ActiveCfg = Debug|Any CPU
		{39EE02E5-5786-4C05-BE13-A9CCA941F3A8}.Debug|Any CPU.Build.0 = Debug|Any CPU
		{39EE02E5-5786-4C05-BE13-A9CCA941F3A8}.Release|Any CPU.ActiveCfg = Release|Any CPU
		{39EE02E5-5786-4C05-BE13-A9CCA941F3A8}.Release|Any CPU.Build.0 = Release|Any CPU
	EndGlobalSection
	GlobalSection(SolutionProperties) = preSolution
		HideSolutionNode = FALSE
	EndGlobalSection
	GlobalSection(ExtensibilityGlobals) = postSolution
		SolutionGuid = {1EE39BDE-4D34-4CE0-B41C-4784A5A913ED}
	EndGlobalSection
EndGlobal
